
Microsoft Visual Studio Solution File, Format Version 12.00
# Visual Studio Version 16
VisualStudioVersion = 16.0.31702.278
MinimumVisualStudioVersion = 10.0.40219.1
Project("{FAE04EC0-301F-11D3-BF4B-00C04F79EFBC}") = "Shop", "Shop\Shop.csproj", "{459DD646-FBC3-4E2F-BD5D-CC10DAD26E4D}"
EndProject
Global
	GlobalSection(SolutionConfigurationPlatforms) = preSolution
		Debug|Any CPU = Debug|Any CPU
		Release|Any CPU = Release|Any CPU
	EndGlobalSection
	GlobalSection(ProjectConfigurationPlatforms) = postSolution
		{459DD646-FBC3-4E2F-BD5D-CC10DAD26E4D}.Debug|Any CPU.ActiveCfg = Debug|Any CPU
		{459DD646-FBC3-4E2F-BD5D-CC10DAD26E4D}.Debug|Any CPU.Build.0 = Debug|Any CPU
		{459DD646-FBC3-4E2F-BD5D-CC10DAD26E4D}.Release|Any CPU.ActiveCfg = Release|Any CPU
		{459DD646-FBC3-4E2F-BD5D-CC10DAD26E4D}.Release|Any CPU.Build.0 = Release|Any CPU
	EndGlobalSection
	GlobalSection(SolutionProperties) = preSolution
		HideSolutionNode = FALSE
	EndGlobalSection
	GlobalSection(ExtensibilityGlobals) = postSolution
		SolutionGuid = {DD422DF2-7EC6-4F01-8F53-3BCF4AAF55D2}
	EndGlobalSection
EndGlobal
